
Microsoft Visual Studio Solution File, Format Version 12.00
# Visual Studio Version 16
VisualStudioVersion = 16.0.31605.320
MinimumVisualStudioVersion = 10.0.40219.1
Project("{9A19103F-16F7-4668-BE54-9A1E7A4F7556}") = "Interfaces", "Interfaces\Interfaces.csproj", "{1980C6A8-58B2-4B9A-8F5D-B61B6703A86E}"
EndProject
Project("{2150E333-8FDC-42A3-9474-1A3956D46DE8}") = "MicroServices", "MicroServices", "{E8958D15-84E2-4189-9D48-59F65AB7537E}"
EndProject
Project("{FAE04EC0-301F-11D3-BF4B-00C04F79EFBC}") = "MiddleWare", "MiddleWare\MiddleWare.csproj", "{E3CC306C-5A65-457D-8DAD-503B5ED39504}"
EndProject
Project("{FAE04EC0-301F-11D3-BF4B-00C04F79EFBC}") = "ProductCatalog", "ProductCatalog\ProductCatalog.csproj", "{2BEEC771-E089-4D1E-9AC2-D6664CCB94C6}"
EndProject
Project("{FAE04EC0-301F-11D3-BF4B-00C04F79EFBC}") = "ShoppingCart", "ShoppingCart\ShoppingCart.csproj", "{469DB491-C9EC-46B8-912F-19B95024366E}"
EndProject
Project("{2150E333-8FDC-42A3-9474-1A3956D46DE8}") = "Db", "Db", "{AB9F3CB5-334E-41C3-8A4B-CA7488C5DB0C}"
EndProject
Project("{FAE04EC0-301F-11D3-BF4B-00C04F79EFBC}") = "Redis", "Redis\Redis.csproj", "{1285BA63-872C-4EDE-9E13-AAC3CA176E11}"
EndProject
Global
	GlobalSection(SolutionConfigurationPlatforms) = preSolution
		Debug|Any CPU = Debug|Any CPU
		Release|Any CPU = Release|Any CPU
	EndGlobalSection
	GlobalSection(ProjectConfigurationPlatforms) = postSolution
		{1980C6A8-58B2-4B9A-8F5D-B61B6703A86E}.Debug|Any CPU.ActiveCfg = Debug|Any CPU
		{1980C6A8-58B2-4B9A-8F5D-B61B6703A86E}.Debug|Any CPU.Build.0 = Debug|Any CPU
		{1980C6A8-58B2-4B9A-8F5D-B61B6703A86E}.Release|Any CPU.ActiveCfg = Release|Any CPU
		{1980C6A8-58B2-4B9A-8F5D-B61B6703A86E}.Release|Any CPU.Build.0 = Release|Any CPU
		{E3CC306C-5A65-457D-8DAD-503B5ED39504}.Debug|Any CPU.ActiveCfg = Debug|Any CPU
		{E3CC306C-5A65-457D-8DAD-503B5ED39504}.Debug|Any CPU.Build.0 = Debug|Any CPU
		{E3CC306C-5A65-457D-8DAD-503B5ED39504}.Release|Any CPU.ActiveCfg = Release|Any CPU
		{E3CC306C-5A65-457D-8DAD-503B5ED39504}.Release|Any CPU.Build.0 = Release|Any CPU
		{2BEEC771-E089-4D1E-9AC2-D6664CCB94C6}.Debug|Any CPU.ActiveCfg = Debug|Any CPU
		{2BEEC771-E089-4D1E-9AC2-D6664CCB94C6}.Debug|Any CPU.Build.0 = Debug|Any CPU
		{2BEEC771-E089-4D1E-9AC2-D6664CCB94C6}.Release|Any CPU.ActiveCfg = Release|Any CPU
		{2BEEC771-E089-4D1E-9AC2-D6664CCB94C6}.Release|Any CPU.Build.0 = Release|Any CPU
		{469DB491-C9EC-46B8-912F-19B95024366E}.Debug|Any CPU.ActiveCfg = Debug|Any CPU
		{469DB491-C9EC-46B8-912F-19B95024366E}.Debug|Any CPU.Build.0 = Debug|Any CPU
		{469DB491-C9EC-46B8-912F-19B95024366E}.Release|Any CPU.ActiveCfg = Release|Any CPU
		{469DB491-C9EC-46B8-912F-19B95024366E}.Release|Any CPU.Build.0 = Release|Any CPU
		{1285BA63-872C-4EDE-9E13-AAC3CA176E11}.Debug|Any CPU.ActiveCfg = Debug|Any CPU
		{1285BA63-872C-4EDE-9E13-AAC3CA176E11}.Debug|Any CPU.Build.0 = Debug|Any CPU
		{1285BA63-872C-4EDE-9E13-AAC3CA176E11}.Release|Any CPU.ActiveCfg = Release|Any CPU
		{1285BA63-872C-4EDE-9E13-AAC3CA176E11}.Release|Any CPU.Build.0 = Release|Any CPU
	EndGlobalSection
	GlobalSection(SolutionProperties) = preSolution
		HideSolutionNode = FALSE
	EndGlobalSection
	GlobalSection(NestedProjects) = preSolution
		{2BEEC771-E089-4D1E-9AC2-D6664CCB94C6} = {E8958D15-84E2-4189-9D48-59F65AB7537E}
		{469DB491-C9EC-46B8-912F-19B95024366E} = {E8958D15-84E2-4189-9D48-59F65AB7537E}
		{1285BA63-872C-4EDE-9E13-AAC3CA176E11} = {AB9F3CB5-334E-41C3-8A4B-CA7488C5DB0C}
	EndGlobalSection
	GlobalSection(ExtensibilityGlobals) = postSolution
		SolutionGuid = {77F7AE1D-EE46-4513-8078-7F56EECA2862}
	EndGlobalSection
EndGlobal
