
Microsoft Visual Studio Solution File, Format Version 12.00
# Visual Studio Version 17
VisualStudioVersion = 17.0.31919.166
MinimumVisualStudioVersion = 10.0.40219.1
Project("{9A19103F-16F7-4668-BE54-9A1E7A4F7556}") = "Basics", "Basics\Basics.csproj", "{A063C82D-081C-4703-81E0-E4FA9D41A5C2}"
EndProject
Project("{9A19103F-16F7-4668-BE54-9A1E7A4F7556}") = "Roles", "Roles\Roles.csproj", "{D02053DF-99DA-425A-908B-DFA62A8464E8}"
EndProject
Project("{9A19103F-16F7-4668-BE54-9A1E7A4F7556}") = "Database", "Database\Database.csproj", "{9741E24F-9995-43DA-AE2D-BB37199225EB}"
EndProject
Project("{9A19103F-16F7-4668-BE54-9A1E7A4F7556}") = "FacebookDemo", "FacebookDemo\FacebookDemo.csproj", "{3F8912E1-E68D-4532-B32D-E7B3BFCF11EE}"
EndProject
Project("{9A19103F-16F7-4668-BE54-9A1E7A4F7556}") = "JwtBearer", "JwtBearer\JwtBearer.csproj", "{2BD760D0-C74F-4453-819F-BC46AD166EEB}"
EndProject
Project("{9A19103F-16F7-4668-BE54-9A1E7A4F7556}") = "TFA.Sms", "TFA.Sms\TFA.Sms.csproj", "{B11C2CF0-2C28-4D9F-8734-60F17F565779}"
EndProject
Project("{FAE04EC0-301F-11D3-BF4B-00C04F79EFBC}") = "VKontakte", "VKontakte\VKontakte.csproj", "{899F411B-DD4F-4C3B-B377-18840CC2D4F3}"
EndProject
Global
	GlobalSection(SolutionConfigurationPlatforms) = preSolution
		Debug|Any CPU = Debug|Any CPU
		Release|Any CPU = Release|Any CPU
	EndGlobalSection
	GlobalSection(ProjectConfigurationPlatforms) = postSolution
		{A063C82D-081C-4703-81E0-E4FA9D41A5C2}.Debug|Any CPU.ActiveCfg = Debug|Any CPU
		{A063C82D-081C-4703-81E0-E4FA9D41A5C2}.Debug|Any CPU.Build.0 = Debug|Any CPU
		{A063C82D-081C-4703-81E0-E4FA9D41A5C2}.Release|Any CPU.ActiveCfg = Release|Any CPU
		{A063C82D-081C-4703-81E0-E4FA9D41A5C2}.Release|Any CPU.Build.0 = Release|Any CPU
		{D02053DF-99DA-425A-908B-DFA62A8464E8}.Debug|Any CPU.ActiveCfg = Debug|Any CPU
		{D02053DF-99DA-425A-908B-DFA62A8464E8}.Debug|Any CPU.Build.0 = Debug|Any CPU
		{D02053DF-99DA-425A-908B-DFA62A8464E8}.Release|Any CPU.ActiveCfg = Release|Any CPU
		{D02053DF-99DA-425A-908B-DFA62A8464E8}.Release|Any CPU.Build.0 = Release|Any CPU
		{9741E24F-9995-43DA-AE2D-BB37199225EB}.Debug|Any CPU.ActiveCfg = Debug|Any CPU
		{9741E24F-9995-43DA-AE2D-BB37199225EB}.Debug|Any CPU.Build.0 = Debug|Any CPU
		{9741E24F-9995-43DA-AE2D-BB37199225EB}.Release|Any CPU.ActiveCfg = Release|Any CPU
		{9741E24F-9995-43DA-AE2D-BB37199225EB}.Release|Any CPU.Build.0 = Release|Any CPU
		{3F8912E1-E68D-4532-B32D-E7B3BFCF11EE}.Debug|Any CPU.ActiveCfg = Debug|Any CPU
		{3F8912E1-E68D-4532-B32D-E7B3BFCF11EE}.Debug|Any CPU.Build.0 = Debug|Any CPU
		{3F8912E1-E68D-4532-B32D-E7B3BFCF11EE}.Release|Any CPU.ActiveCfg = Release|Any CPU
		{3F8912E1-E68D-4532-B32D-E7B3BFCF11EE}.Release|Any CPU.Build.0 = Release|Any CPU
		{2BD760D0-C74F-4453-819F-BC46AD166EEB}.Debug|Any CPU.ActiveCfg = Debug|Any CPU
		{2BD760D0-C74F-4453-819F-BC46AD166EEB}.Debug|Any CPU.Build.0 = Debug|Any CPU
		{2BD760D0-C74F-4453-819F-BC46AD166EEB}.Release|Any CPU.ActiveCfg = Release|Any CPU
		{2BD760D0-C74F-4453-819F-BC46AD166EEB}.Release|Any CPU.Build.0 = Release|Any CPU
		{B11C2CF0-2C28-4D9F-8734-60F17F565779}.Debug|Any CPU.ActiveCfg = Debug|Any CPU
		{B11C2CF0-2C28-4D9F-8734-60F17F565779}.Debug|Any CPU.Build.0 = Debug|Any CPU
		{B11C2CF0-2C28-4D9F-8734-60F17F565779}.Release|Any CPU.ActiveCfg = Release|Any CPU
		{B11C2CF0-2C28-4D9F-8734-60F17F565779}.Release|Any CPU.Build.0 = Release|Any CPU
		{899F411B-DD4F-4C3B-B377-18840CC2D4F3}.Debug|Any CPU.ActiveCfg = Debug|Any CPU
		{899F411B-DD4F-4C3B-B377-18840CC2D4F3}.Debug|Any CPU.Build.0 = Debug|Any CPU
		{899F411B-DD4F-4C3B-B377-18840CC2D4F3}.Release|Any CPU.ActiveCfg = Release|Any CPU
		{899F411B-DD4F-4C3B-B377-18840CC2D4F3}.Release|Any CPU.Build.0 = Release|Any CPU
	EndGlobalSection
	GlobalSection(SolutionProperties) = preSolution
		HideSolutionNode = FALSE
	EndGlobalSection
	GlobalSection(ExtensibilityGlobals) = postSolution
		SolutionGuid = {C7CD7E4A-BC93-4039-8086-C0E918D92D6E}
	EndGlobalSection
EndGlobal
