
Microsoft Visual Studio Solution File, Format Version 12.00
Project("{FAE04EC0-301F-11D3-BF4B-00C04F79EFBC}") = "TestCoreConsoleApp", "TestCoreConsoleApp\TestCoreConsoleApp.csproj", "{ED8638BF-7DCC-4C1C-A36A-682FB9A3827A}"
EndProject
Project("{FAE04EC0-301F-11D3-BF4B-00C04F79EFBC}") = "SCharpTests", "SCharpTests\SCharpTests.csproj", "{8618B93B-2376-49EA-9199-9B021C5FE0ED}"
EndProject
Global
	GlobalSection(SolutionConfigurationPlatforms) = preSolution
		Debug|Any CPU = Debug|Any CPU
		Release|Any CPU = Release|Any CPU
	EndGlobalSection
	GlobalSection(ProjectConfigurationPlatforms) = postSolution
		{ED8638BF-7DCC-4C1C-A36A-682FB9A3827A}.Debug|Any CPU.ActiveCfg = Debug|Any CPU
		{ED8638BF-7DCC-4C1C-A36A-682FB9A3827A}.Debug|Any CPU.Build.0 = Debug|Any CPU
		{ED8638BF-7DCC-4C1C-A36A-682FB9A3827A}.Release|Any CPU.ActiveCfg = Release|Any CPU
		{ED8638BF-7DCC-4C1C-A36A-682FB9A3827A}.Release|Any CPU.Build.0 = Release|Any CPU
		{8618B93B-2376-49EA-9199-9B021C5FE0ED}.Debug|Any CPU.ActiveCfg = Debug|Any CPU
		{8618B93B-2376-49EA-9199-9B021C5FE0ED}.Debug|Any CPU.Build.0 = Debug|Any CPU
		{8618B93B-2376-49EA-9199-9B021C5FE0ED}.Release|Any CPU.ActiveCfg = Release|Any CPU
		{8618B93B-2376-49EA-9199-9B021C5FE0ED}.Release|Any CPU.Build.0 = Release|Any CPU
	EndGlobalSection
EndGlobal
