
Microsoft Visual Studio Solution File, Format Version 12.00
Project("{2150E333-8FDC-42A3-9474-1A3956D46DE8}") = "Core", "Core", "{AD2E6CE1-C5E3-457E-849F-B8D3815586BB}"
EndProject
Project("{2150E333-8FDC-42A3-9474-1A3956D46DE8}") = "Common", "Common", "{8CEDA316-8267-4B4B-B41B-3B30DF253B0F}"
EndProject
Project("{2150E333-8FDC-42A3-9474-1A3956D46DE8}") = "Desktop", "Desktop", "{1678476C-6493-432A-A5D2-D83BA20EB139}"
EndProject
Project("{2150E333-8FDC-42A3-9474-1A3956D46DE8}") = "Web", "Web", "{30096D8C-D952-4D44-B29B-625213550D9E}"
EndProject
Project("{FAE04EC0-301F-11D3-BF4B-00C04F79EFBC}") = "FurnitureShop.Core.Common.EfCore", "Core\Common\FurnitureShop.Core.Common.EfCore\FurnitureShop.Core.Common.EfCore.csproj", "{A38B8030-B0CE-4737-AD65-125EF9CC16FF}"
EndProject
Project("{2150E333-8FDC-42A3-9474-1A3956D46DE8}") = "Services", "Services", "{E3C0E3F4-0D3B-4085-B02D-8B523D10BCA2}"
EndProject
Project("{2150E333-8FDC-42A3-9474-1A3956D46DE8}") = "Gateway", "Gateway", "{DBC6CFB7-D8D8-4865-BD9A-15A7622DBEC8}"
EndProject
Project("{2150E333-8FDC-42A3-9474-1A3956D46DE8}") = "Shop", "Shop", "{6D012106-BE40-42D6-9E7C-3A9CC2BB2D22}"
EndProject
Project("{FAE04EC0-301F-11D3-BF4B-00C04F79EFBC}") = "FurnitureShop.Core.Shop.Api.Contracts", "Core\Services\Shop\FurnitureShop.Core.Shop.Api.Contracts\FurnitureShop.Core.Shop.Api.Contracts.csproj", "{298EBC85-9EAE-49A5-99BC-A74EB0EBD7AA}"
EndProject
Project("{FAE04EC0-301F-11D3-BF4B-00C04F79EFBC}") = "FurnitureShop.Core.Shop.Domain", "Core\Services\Shop\FurnitureShop.Core.Shop.Domain\FurnitureShop.Core.Shop.Domain.csproj", "{CE62AA4B-3511-418A-8EBE-5A46305DABF3}"
EndProject
Project("{FAE04EC0-301F-11D3-BF4B-00C04F79EFBC}") = "FurnitureShop.Core.Shop.Host", "Core\Services\Shop\FurnitureShop.Core.Shop.Host\FurnitureShop.Core.Shop.Host.csproj", "{69348A13-F38B-422E-AAE8-A715484D9142}"
EndProject
Project("{FAE04EC0-301F-11D3-BF4B-00C04F79EFBC}") = "FurnitureShop.Gateway", "Gateway\FurnitureShop.Gateway\FurnitureShop.Gateway.csproj", "{C6F2B43F-E0C9-4F6B-ACBB-797A06EFED2B}"
EndProject
Project("{FAE04EC0-301F-11D3-BF4B-00C04F79EFBC}") = "FurnitureShop.Core.Shop.Entities", "Core\Services\Shop\FurnitureShop.Core.Shop.Entities\FurnitureShop.Core.Shop.Entities.csproj", "{293D288D-06C0-4EF4-B6AF-7D315E088BD5}"
EndProject
Project("{2150E333-8FDC-42A3-9474-1A3956D46DE8}") = "Clients", "Clients", "{30A44499-FFBD-4BAB-B7CD-0B0CA9F96E75}"
EndProject
Project("{FAE04EC0-301F-11D3-BF4B-00C04F79EFBC}") = "FurnitureShop.Core.Clients.Api.Contracts", "Core\Services\Clients\FurnitureShop.Core.Clients.Api.Contracts\FurnitureShop.Core.Clients.Api.Contracts.csproj", "{0BE377A3-A219-4036-A944-707D150EE062}"
EndProject
Project("{FAE04EC0-301F-11D3-BF4B-00C04F79EFBC}") = "FurnitureShop.Core.Clients.Domain", "Core\Services\Clients\FurnitureShop.Core.Clients.Domain\FurnitureShop.Core.Clients.Domain.csproj", "{81E30D93-4172-44D4-8FC8-7B216299EFC7}"
EndProject
Project("{FAE04EC0-301F-11D3-BF4B-00C04F79EFBC}") = "FurnitureShop.Core.Clients.Entities", "Core\Services\Clients\FurnitureShop.Core.Clients.Entities\FurnitureShop.Core.Clients.Entities.csproj", "{5FB54CEB-11F3-434C-B48A-44458B42B308}"
EndProject
Project("{FAE04EC0-301F-11D3-BF4B-00C04F79EFBC}") = "FurnitureShop.Core.Clients.Host", "Core\Services\Clients\FurnitureShop.Core.Clients.Host\FurnitureShop.Core.Clients.Host.csproj", "{391D6D0F-D9F6-4B5A-AD97-BA5950766F41}"
EndProject
Project("{FAE04EC0-301F-11D3-BF4B-00C04F79EFBC}") = "FurnitureShop.Core.Common.Host", "Core\Common\FurnitureShop.Core.Common.Host\FurnitureShop.Core.Common.Host.csproj", "{74A6CF81-46D6-4965-8256-4954404F903D}"
EndProject
Project("{2150E333-8FDC-42A3-9474-1A3956D46DE8}") = "Settings", "Settings", "{9786E0B9-FEB1-4970-9EF1-B7EC13FFEC71}"
	ProjectSection(SolutionItems) = preProject
		Directory.Build.props = Directory.Build.props
		dependancies.props = dependancies.props
	EndProjectSection
EndProject
Global
	GlobalSection(SolutionConfigurationPlatforms) = preSolution
		Debug|Any CPU = Debug|Any CPU
		Release|Any CPU = Release|Any CPU
	EndGlobalSection
	GlobalSection(NestedProjects) = preSolution
		{8CEDA316-8267-4B4B-B41B-3B30DF253B0F} = {AD2E6CE1-C5E3-457E-849F-B8D3815586BB}
		{A38B8030-B0CE-4737-AD65-125EF9CC16FF} = {8CEDA316-8267-4B4B-B41B-3B30DF253B0F}
		{E3C0E3F4-0D3B-4085-B02D-8B523D10BCA2} = {AD2E6CE1-C5E3-457E-849F-B8D3815586BB}
		{6D012106-BE40-42D6-9E7C-3A9CC2BB2D22} = {E3C0E3F4-0D3B-4085-B02D-8B523D10BCA2}
		{298EBC85-9EAE-49A5-99BC-A74EB0EBD7AA} = {6D012106-BE40-42D6-9E7C-3A9CC2BB2D22}
		{CE62AA4B-3511-418A-8EBE-5A46305DABF3} = {6D012106-BE40-42D6-9E7C-3A9CC2BB2D22}
		{69348A13-F38B-422E-AAE8-A715484D9142} = {6D012106-BE40-42D6-9E7C-3A9CC2BB2D22}
		{C6F2B43F-E0C9-4F6B-ACBB-797A06EFED2B} = {DBC6CFB7-D8D8-4865-BD9A-15A7622DBEC8}
		{293D288D-06C0-4EF4-B6AF-7D315E088BD5} = {6D012106-BE40-42D6-9E7C-3A9CC2BB2D22}
		{30A44499-FFBD-4BAB-B7CD-0B0CA9F96E75} = {E3C0E3F4-0D3B-4085-B02D-8B523D10BCA2}
		{0BE377A3-A219-4036-A944-707D150EE062} = {30A44499-FFBD-4BAB-B7CD-0B0CA9F96E75}
		{81E30D93-4172-44D4-8FC8-7B216299EFC7} = {30A44499-FFBD-4BAB-B7CD-0B0CA9F96E75}
		{5FB54CEB-11F3-434C-B48A-44458B42B308} = {30A44499-FFBD-4BAB-B7CD-0B0CA9F96E75}
		{391D6D0F-D9F6-4B5A-AD97-BA5950766F41} = {30A44499-FFBD-4BAB-B7CD-0B0CA9F96E75}
		{74A6CF81-46D6-4965-8256-4954404F903D} = {8CEDA316-8267-4B4B-B41B-3B30DF253B0F}
	EndGlobalSection
	GlobalSection(ProjectConfigurationPlatforms) = postSolution
		{A38B8030-B0CE-4737-AD65-125EF9CC16FF}.Debug|Any CPU.ActiveCfg = Debug|Any CPU
		{A38B8030-B0CE-4737-AD65-125EF9CC16FF}.Debug|Any CPU.Build.0 = Debug|Any CPU
		{A38B8030-B0CE-4737-AD65-125EF9CC16FF}.Release|Any CPU.ActiveCfg = Release|Any CPU
		{A38B8030-B0CE-4737-AD65-125EF9CC16FF}.Release|Any CPU.Build.0 = Release|Any CPU
		{298EBC85-9EAE-49A5-99BC-A74EB0EBD7AA}.Debug|Any CPU.ActiveCfg = Debug|Any CPU
		{298EBC85-9EAE-49A5-99BC-A74EB0EBD7AA}.Debug|Any CPU.Build.0 = Debug|Any CPU
		{298EBC85-9EAE-49A5-99BC-A74EB0EBD7AA}.Release|Any CPU.ActiveCfg = Release|Any CPU
		{298EBC85-9EAE-49A5-99BC-A74EB0EBD7AA}.Release|Any CPU.Build.0 = Release|Any CPU
		{CE62AA4B-3511-418A-8EBE-5A46305DABF3}.Debug|Any CPU.ActiveCfg = Debug|Any CPU
		{CE62AA4B-3511-418A-8EBE-5A46305DABF3}.Debug|Any CPU.Build.0 = Debug|Any CPU
		{CE62AA4B-3511-418A-8EBE-5A46305DABF3}.Release|Any CPU.ActiveCfg = Release|Any CPU
		{CE62AA4B-3511-418A-8EBE-5A46305DABF3}.Release|Any CPU.Build.0 = Release|Any CPU
		{69348A13-F38B-422E-AAE8-A715484D9142}.Debug|Any CPU.ActiveCfg = Debug|Any CPU
		{69348A13-F38B-422E-AAE8-A715484D9142}.Debug|Any CPU.Build.0 = Debug|Any CPU
		{69348A13-F38B-422E-AAE8-A715484D9142}.Release|Any CPU.ActiveCfg = Release|Any CPU
		{69348A13-F38B-422E-AAE8-A715484D9142}.Release|Any CPU.Build.0 = Release|Any CPU
		{C6F2B43F-E0C9-4F6B-ACBB-797A06EFED2B}.Debug|Any CPU.ActiveCfg = Debug|Any CPU
		{C6F2B43F-E0C9-4F6B-ACBB-797A06EFED2B}.Debug|Any CPU.Build.0 = Debug|Any CPU
		{C6F2B43F-E0C9-4F6B-ACBB-797A06EFED2B}.Release|Any CPU.ActiveCfg = Release|Any CPU
		{C6F2B43F-E0C9-4F6B-ACBB-797A06EFED2B}.Release|Any CPU.Build.0 = Release|Any CPU
		{293D288D-06C0-4EF4-B6AF-7D315E088BD5}.Debug|Any CPU.ActiveCfg = Debug|Any CPU
		{293D288D-06C0-4EF4-B6AF-7D315E088BD5}.Debug|Any CPU.Build.0 = Debug|Any CPU
		{293D288D-06C0-4EF4-B6AF-7D315E088BD5}.Release|Any CPU.ActiveCfg = Release|Any CPU
		{293D288D-06C0-4EF4-B6AF-7D315E088BD5}.Release|Any CPU.Build.0 = Release|Any CPU
		{0BE377A3-A219-4036-A944-707D150EE062}.Debug|Any CPU.ActiveCfg = Debug|Any CPU
		{0BE377A3-A219-4036-A944-707D150EE062}.Debug|Any CPU.Build.0 = Debug|Any CPU
		{0BE377A3-A219-4036-A944-707D150EE062}.Release|Any CPU.ActiveCfg = Release|Any CPU
		{0BE377A3-A219-4036-A944-707D150EE062}.Release|Any CPU.Build.0 = Release|Any CPU
		{81E30D93-4172-44D4-8FC8-7B216299EFC7}.Debug|Any CPU.ActiveCfg = Debug|Any CPU
		{81E30D93-4172-44D4-8FC8-7B216299EFC7}.Debug|Any CPU.Build.0 = Debug|Any CPU
		{81E30D93-4172-44D4-8FC8-7B216299EFC7}.Release|Any CPU.ActiveCfg = Release|Any CPU
		{81E30D93-4172-44D4-8FC8-7B216299EFC7}.Release|Any CPU.Build.0 = Release|Any CPU
		{5FB54CEB-11F3-434C-B48A-44458B42B308}.Debug|Any CPU.ActiveCfg = Debug|Any CPU
		{5FB54CEB-11F3-434C-B48A-44458B42B308}.Debug|Any CPU.Build.0 = Debug|Any CPU
		{5FB54CEB-11F3-434C-B48A-44458B42B308}.Release|Any CPU.ActiveCfg = Release|Any CPU
		{5FB54CEB-11F3-434C-B48A-44458B42B308}.Release|Any CPU.Build.0 = Release|Any CPU
		{391D6D0F-D9F6-4B5A-AD97-BA5950766F41}.Debug|Any CPU.ActiveCfg = Debug|Any CPU
		{391D6D0F-D9F6-4B5A-AD97-BA5950766F41}.Debug|Any CPU.Build.0 = Debug|Any CPU
		{391D6D0F-D9F6-4B5A-AD97-BA5950766F41}.Release|Any CPU.ActiveCfg = Release|Any CPU
		{391D6D0F-D9F6-4B5A-AD97-BA5950766F41}.Release|Any CPU.Build.0 = Release|Any CPU
		{74A6CF81-46D6-4965-8256-4954404F903D}.Debug|Any CPU.ActiveCfg = Debug|Any CPU
		{74A6CF81-46D6-4965-8256-4954404F903D}.Debug|Any CPU.Build.0 = Debug|Any CPU
		{74A6CF81-46D6-4965-8256-4954404F903D}.Release|Any CPU.ActiveCfg = Release|Any CPU
		{74A6CF81-46D6-4965-8256-4954404F903D}.Release|Any CPU.Build.0 = Release|Any CPU
	EndGlobalSection
EndGlobal
